{
    "_readme": [
        "This file locks the dependencies of your project to a known state",
        "Read more about it at https://getcomposer.org/doc/01-basic-usage.md#installing-dependencies",
        "This file is @generated automatically"
    ],
    "content-hash": "785bb14d5c4aa13b6211017279764412",
    "packages": [
        {
            "name": "bcosca/fatfree-core",
            "version": "3.8.0",
            "source": {
                "type": "git",
                "url": "https://github.com/bcosca/fatfree-core.git",
                "reference": "cdd878db018280369b643fce62f70e55044f9ac4"
            },
            "dist": {
                "type": "zip",
                "url": "https://api.github.com/repos/bcosca/fatfree-core/zipball/cdd878db018280369b643fce62f70e55044f9ac4",
                "reference": "cdd878db018280369b643fce62f70e55044f9ac4",
                "shasum": ""
            },
            "require": {
                "php": ">=5.4"
            },
            "type": "library",
            "autoload": {
                "classmap": [
                    "."
                ]
            },
            "notification-url": "https://packagist.org/downloads/",
            "license": [
                "GPL-3.0"
            ],
            "description": "A powerful yet easy-to-use PHP micro-framework designed to help you build dynamic and robust Web applications - fast!",
            "homepage": "http://fatfreeframework.com/",
            "support": {
                "issues": "https://github.com/bcosca/fatfree-core/issues",
                "source": "https://github.com/bcosca/fatfree-core/tree/3.8.0"
            },
            "time": "2022-02-15T16:59:01+00:00"
        },
        {
            "name": "dduers/f3-app",
            "version": "dev-master",
            "source": {
                "type": "git",
                "url": "https://github.com/dduers/f3-app.git",
                "reference": "6e61a757164fd022c3d3e271f0c673a24596147e"
            },
            "dist": {
                "type": "zip",
                "url": "https://api.github.com/repos/dduers/f3-app/zipball/6e61a757164fd022c3d3e271f0c673a24596147e",
                "reference": "6e61a757164fd022c3d3e271f0c673a24596147e",
                "shasum": ""
            },
            "require": {
                "bcosca/fatfree-core": "3.8",
                "php": ">=7.4"
            },
            "default-branch": true,
            "type": "library",
            "autoload": {
                "psr-4": {
                    "Dduers\\F3App\\": "src"
                }
            },
            "notification-url": "https://packagist.org/downloads/",
            "license": [
                "MIT"
            ],
            "authors": [
                {
                    "name": "Daniel Duersteler",
                    "email": "daniel.duersteler@gmail.com",
                    "homepage": "https://www.xsite.ch",
                    "role": "Developer"
                }
            ],
            "description": "Secure boilerplate for a fat-free framework (f3) web app",
            "support": {
                "issues": "https://github.com/dduers/f3-app/issues",
                "source": "https://github.com/dduers/f3-app/tree/master"
            },
            "time": "2022-02-15T23:17:58+00:00"
        }
    ],
    "packages-dev": [],
    "aliases": [],
    "minimum-stability": "stable",
    "stability-flags": {
        "dduers/f3-app": 20
    },
    "prefer-stable": false,
    "prefer-lowest": false,
    "platform": {
        "php": ">=7.4"
    },
    "platform-dev": [],
    "plugin-api-version": "2.2.0"
}
